{
  "version": 1,
  "dependencies": {
    "net10.0": {
      "Fable.Core": {
        "type": "Direct",
        "requested": "[5.0.0, )",
        "resolved": "5.0.0",
        "contentHash": "pJOXJjfhjvNa1cgtF+klgR3DxQI7x9D/fFzZbjUBZLBJyYIioPsTFsKUnIOqNdCq1Oby9lINUSwnL4TqspMQOA==",
        "dependencies": {
          "FSharp.Core": "4.7.2"
        }
      },
      "Fable.Elmish": {
        "type": "Direct",
        "requested": "[5.0.2, )",
        "resolved": "5.0.2",
        "contentHash": "2/5a5Isu9O1cQQeUZ4I70ZFKF1kkl14xoQXZ6zP4tWTQotNDJCWN2LlLku+1+4mO/jnOUGQy2jJ1KgzG5MhoLw==",
        "dependencies": {
          "FSharp.Core": "4.7.2",
          "Fable.Core": "4.0.0"
        }
      },
      "Feliz": {
        "type": "Direct",
        "requested": "[3.3.3, )",
        "resolved": "3.3.3",
        "contentHash": "LmAq2TW9pCBu9pFhjs9JVFzVw4LydPcDaU3pP8Q+mhrVZc22T82lQBTC886lIROegcZbBWeXfM3/e9e6ccpJAA==",
        "dependencies": {
          "Fable.Core": "4.5.0",
          "Fable.React.Types": "18.4.0",
          "Fable.ReactDom.Types": "18.2.0",
          "Feliz.CompilerPlugins": "3.2.0"
        }
      },
      "Feliz.UseElmish": {
        "type": "Direct",
        "requested": "[5.0.0, )",
        "resolved": "5.0.0",
        "contentHash": "ynLWQyamiAeEdQMTYvZwAGcgGiIahjIQzPstsRStYg1TQKodMXLeiteOoSz7nTkNH+6190zlYG9AVHnunJR/tA==",
        "dependencies": {
          "Fable.Elmish": "4.0.0",
          "Feliz": "3.3.2"
        }
      },
      "FSharp.Core": {
        "type": "Direct",
        "requested": "[10.1.300, )",
        "resolved": "10.1.300",
        "contentHash": "BACHDBo/KL615GifW2wGB8vw3HLraCJb77VN/XVmQZPceNw+Oc+J+McehOo2yHtcr7hABmW4EqZZzVYiR1Z1EQ=="
      },
      "Thoth.Json": {
        "type": "Direct",
        "requested": "[10.5.1, )",
        "resolved": "10.5.1",
        "contentHash": "HMh+zRyOhz7ASGNLgcSQFsrZWv4mcMZfqIsya0aQ2ixFWZpav9RRvYR5C9tL33qmRDX4n+73Bpo6brSfUQ4nQA==",
        "dependencies": {
          "FSharp.Core": "10.1.203",
          "Fable.Core": "5.0.0"
        }
      },
      "Fable.AST": {
        "type": "Transitive",
        "resolved": "5.0.0-rc.3",
        "contentHash": "Lg+io2OqGztHovglpCdcRqYmNezS0V8L3CudaAsmcgpN7/f80ndwpuuelWd8SaDgRh+/LlwvlyzDhdmkljecvQ=="
      },
      "Fable.Browser.Blob": {
        "type": "Transitive",
        "resolved": "1.1.4",
        "contentHash": "+6aq2ClPFbh/wFEtKuuIPwoZwi2GlUJ6RRykT0R+i95ZmK22nfE6iWpP+jfKxDnGgrm2AGC+btobAHWXbkC1Sw==",
        "dependencies": {
          "FSharp.Core": "4.7.2",
          "Fable.Core": "3.0.0"
        }
      },
      "Fable.Browser.Dom": {
        "type": "Transitive",
        "resolved": "2.4.4",
        "contentHash": "wFGefU1Idqkwa6kKdvz5oyHL5yP+i+cvTHPeJGlF22fnqOozFurFIuPqGToqpgl9DfyWr7MyNvTiLFOkfXNqnA==",
        "dependencies": {
          "FSharp.Core": "4.7.2",
          "Fable.Browser.Blob": "1.1.4",
          "Fable.Browser.Event": "1.4.4",
          "Fable.Browser.WebStorage": "1.0.4",
          "Fable.Core": "3.0.0"
        }
      },
      "Fable.Browser.Event": {
        "type": "Transitive",
        "resolved": "1.4.4",
        "contentHash": "jGwS4fjwUNBXgGuu+mklDp9sx4ql0E6Ml5F/CI+8gxwgmxG4IdBTo3yIgF8m0doy7Tc9fgBhOfP3xdGMDgJBBQ==",
        "dependencies": {
          "FSharp.Core": "4.7.2",
          "Fable.Browser.Gamepad": "1.0.3",
          "Fable.Core": "3.0.0"
        }
      },
      "Fable.Browser.Gamepad": {
        "type": "Transitive",
        "resolved": "1.0.3",
        "contentHash": "3mIdAR8uy7eQoL+Nyp72OVWnIbTegoFD6yCvnqaHeWE2MZ3+Lc9EPMKDiHjX3VbImd1uQI57zg+hQJ6MTekgEA==",
        "dependencies": {
          "FSharp.Core": "4.7.2",
          "Fable.Core": "3.0.0"
        }
      },
      "Fable.Browser.WebStorage": {
        "type": "Transitive",
        "resolved": "1.0.4",
        "contentHash": "kxKI1nM4TWIRjp4X0QfdbgdU3p1ite5E/to3/RqotnV5BTmS9Wl+yX38L0S4CTbnU+I6v8aPLYlZ/BKmtxggXQ==",
        "dependencies": {
          "FSharp.Core": "4.7.2",
          "Fable.Browser.Event": "1.4.4",
          "Fable.Core": "3.0.0"
        }
      },
      "Fable.React.Types": {
        "type": "Transitive",
        "resolved": "18.4.0",
        "contentHash": "XKUBsAycABet6+ZRwIceG3dSuUzgG8SndVIu43uZMNOO+wXAeGS4u2WrRWZOetZ7Q0MlVukPVwN7jfbPRg4j/A==",
        "dependencies": {
          "FSharp.Core": "4.7.2",
          "Fable.Browser.Dom": "2.4.4",
          "Fable.Core": "3.2.7"
        }
      },
      "Fable.ReactDom.Types": {
        "type": "Transitive",
        "resolved": "18.2.0",
        "contentHash": "2WoBjsLiSgrvR68OJXko0iVaqeMbkPM5Bx813A1WlxOSCJ50M9fwnlwG/MUEZtiOIhQmku/YTJY5a8E8r1+j2Q==",
        "dependencies": {
          "FSharp.Core": "4.7.2",
          "Fable.React.Types": "18.3.0"
        }
      },
      "Feliz.CompilerPlugins": {
        "type": "Transitive",
        "resolved": "3.2.0",
        "contentHash": "UP9jymqxszqAOyL9a+VkYpSeD9oQJ0K4cJySztPMgszReoloqi9Ik5BgTkzK6Ofil9FMOeeWLtYYXfVq4OHjLw==",
        "dependencies": {
          "Fable.AST": "5.0.0-rc.3"
        }
      }
    }
  }
}